{
    "_readme": [
        "This file locks the dependencies of your project to a known state",
        "Read more about it at https://getcomposer.org/doc/01-basic-usage.md#installing-dependencies",
        "This file is @generated automatically"
    ],
    "content-hash": "3771d18b980aaff81e8d0bb070d1b851",
    "packages": [
        {
            "name": "tkachikov/memory",
            "version": "1.2",
            "source": {
                "type": "git",
                "url": "https://github.com/tkachikov/memory.git",
                "reference": "48376d52e947ff07842c675c52fe831751901de2"
            },
            "dist": {
                "type": "zip",
                "url": "https://api.github.com/repos/tkachikov/memory/zipball/48376d52e947ff07842c675c52fe831751901de2",
                "reference": "48376d52e947ff07842c675c52fe831751901de2",
                "shasum": ""
            },
            "require": {
                "php": "^8.1"
            },
            "require-dev": {
                "phpunit/phpunit": "^10.1"
            },
            "type": "library",
            "autoload": {
                "psr-4": {
                    "Tkachikov\\Memory\\": "src/"
                }
            },
            "notification-url": "https://packagist.org/downloads/",
            "license": [
                "MIT"
            ],
            "authors": [
                {
                    "name": "Ткачиков Александр",
                    "email": "a.tkachikov@mail.ru"
                }
            ],
            "description": "Package for view memory with postfix (KB, GB, etc)",
            "keywords": [
                "helper",
                "memory"
            ],
            "support": {
                "issues": "https://github.com/tkachikov/memory/issues",
                "source": "https://github.com/tkachikov/memory/tree/1.2"
            },
            "time": "2023-05-26T09:25:51+00:00"
        }
    ],
    "packages-dev": [],
    "aliases": [],
    "minimum-stability": "stable",
    "stability-flags": [],
    "prefer-stable": false,
    "prefer-lowest": false,
    "platform": {
        "php": "^8.1"
    },
    "platform-dev": [],
    "plugin-api-version": "2.3.0"
}
